
Microsoft Visual Studio Solution File, Format Version 12.00
# Visual Studio 15
VisualStudioVersion = 15.0.28307.902
MinimumVisualStudioVersion = 10.0.40219.1
Project("{8BC9CEB8-8B4A-11D0-8D11-00A0C91BC942}") = "GameServer", "GameServer\GameServer.vcxproj", "{971173BE-F3B9-415B-A869-83B1B9DD365C}"
EndProject
Project("{8BC9CEB8-8B4A-11D0-8D11-00A0C91BC942}") = "PluginTemplate", "PluginTemplate\PluginTemplate.vcxproj", "{3A91D34B-B326-4B9F-919B-2041CEB09F27}"
EndProject
Project("{2150E333-8FDC-42A3-9474-1A3956D46DE8}") = "Common", "Common", "{204F9AFE-2ABB-4A61-AEE4-645B36A7E17F}"
EndProject
Project("{8BC9CEB8-8B4A-11D0-8D11-00A0C91BC942}") = "NetPlugin", "Common\NetPlugin\NetPlugin.vcxproj", "{3E6E5617-90BD-4C6A-833E-D85623285C25}"
EndProject
Project("{8BC9CEB8-8B4A-11D0-8D11-00A0C91BC942}") = "DataPlugin", "Common\DataPlugin\DataPlugin.vcxproj", "{DBAAC5C2-4727-4AD4-ABAD-063C26C78020}"
EndProject
Project("{2150E333-8FDC-42A3-9474-1A3956D46DE8}") = "SQLPlugin", "SQLPlugin", "{6D3DA2D5-DACE-4B85-991E-FEF49E62C192}"
EndProject
Project("{8BC9CEB8-8B4A-11D0-8D11-00A0C91BC942}") = "SQLitePlugin", "Common\SQLPlugin\SQLitePlugin\SQLitePlugin.vcxproj", "{19B555CE-DA5C-47BE-9459-A75DB52F532E}"
EndProject
Project("{8BC9CEB8-8B4A-11D0-8D11-00A0C91BC942}") = "MySQLPlugin", "Common\SQLPlugin\MySQLPlugin\MySQLPlugin.vcxproj", "{A3CB2D2F-D31E-461E-892F-2DE89963750F}"
EndProject
Project("{8BC9CEB8-8B4A-11D0-8D11-00A0C91BC942}") = "ODBCPlugin", "Common\SQLPlugin\ODBCPlugin\ODBCPlugin.vcxproj", "{53CBB865-8B7E-4A26-BADC-458EBFAACA63}"
EndProject
Project("{8BC9CEB8-8B4A-11D0-8D11-00A0C91BC942}") = "GameLogic", "GameLogic\GameLogic.vcxproj", "{6C02991A-84FE-4E29-AD1A-E5AD3A83B8DB}"
	ProjectSection(ProjectDependencies) = postProject
		{3D9DB426-BA46-450B-BBAC-DABB6B6D69DE} = {3D9DB426-BA46-450B-BBAC-DABB6B6D69DE}
		{3E283F37-A4ED-41B7-A3E6-A2D89D131A30} = {3E283F37-A4ED-41B7-A3E6-A2D89D131A30}
	EndProjectSection
EndProject
Project("{8BC9CEB8-8B4A-11D0-8D11-00A0C91BC942}") = "NetMsgDefine", "Common\NetMsgDefine\NetMsgDefine.vcxproj", "{3D9DB426-BA46-450B-BBAC-DABB6B6D69DE}"
	ProjectSection(ProjectDependencies) = postProject
		{3E283F37-A4ED-41B7-A3E6-A2D89D131A30} = {3E283F37-A4ED-41B7-A3E6-A2D89D131A30}
	EndProjectSection
EndProject
Project("{8BC9CEB8-8B4A-11D0-8D11-00A0C91BC942}") = "libprotobuf", "Common\NetMsgDefine\protobuf\vsprojects\libprotobuf.vcxproj", "{3E283F37-A4ED-41B7-A3E6-A2D89D131A30}"
EndProject
Project("{8BC9CEB8-8B4A-11D0-8D11-00A0C91BC942}") = "RoomPlugin", "RoomPlugin\RoomPlugin.vcxproj", "{4A9DB16D-28C8-4500-B5FD-1BC417DF2ECF}"
EndProject
Project("{8BC9CEB8-8B4A-11D0-8D11-00A0C91BC942}") = "DataBasePlugin", "DataBasePlugin\DataBasePlugin.vcxproj", "{9A1376BF-39CA-4F2C-99EE-953AA4362033}"
EndProject
Project("{8BC9CEB8-8B4A-11D0-8D11-00A0C91BC942}") = "ChatPlugin", "ChatPlugin\ChatPlugin.vcxproj", "{5A14F13D-15BE-4DE4-8E79-CB6FE5DD565D}"
EndProject
Project("{8BC9CEB8-8B4A-11D0-8D11-00A0C91BC942}") = "LogicPlugin", "LogicPlugin\LogicPlugin.vcxproj", "{3662EC17-50FB-4897-8132-858A3497A199}"
EndProject
Global
	GlobalSection(SolutionConfigurationPlatforms) = preSolution
		Debug|x64 = Debug|x64
		Debug|x86 = Debug|x86
		Release|x64 = Release|x64
		Release|x86 = Release|x86
	EndGlobalSection
	GlobalSection(ProjectConfigurationPlatforms) = postSolution
		{971173BE-F3B9-415B-A869-83B1B9DD365C}.Debug|x64.ActiveCfg = Debug|x64
		{971173BE-F3B9-415B-A869-83B1B9DD365C}.Debug|x64.Build.0 = Debug|x64
		{971173BE-F3B9-415B-A869-83B1B9DD365C}.Debug|x86.ActiveCfg = Debug|Win32
		{971173BE-F3B9-415B-A869-83B1B9DD365C}.Debug|x86.Build.0 = Debug|Win32
		{971173BE-F3B9-415B-A869-83B1B9DD365C}.Release|x64.ActiveCfg = Release|x64
		{971173BE-F3B9-415B-A869-83B1B9DD365C}.Release|x64.Build.0 = Release|x64
		{971173BE-F3B9-415B-A869-83B1B9DD365C}.Release|x86.ActiveCfg = Release|Win32
		{971173BE-F3B9-415B-A869-83B1B9DD365C}.Release|x86.Build.0 = Release|Win32
		{3A91D34B-B326-4B9F-919B-2041CEB09F27}.Debug|x64.ActiveCfg = Debug|x64
		{3A91D34B-B326-4B9F-919B-2041CEB09F27}.Debug|x64.Build.0 = Debug|x64
		{3A91D34B-B326-4B9F-919B-2041CEB09F27}.Debug|x86.ActiveCfg = Debug|Win32
		{3A91D34B-B326-4B9F-919B-2041CEB09F27}.Debug|x86.Build.0 = Debug|Win32
		{3A91D34B-B326-4B9F-919B-2041CEB09F27}.Release|x64.ActiveCfg = Release|x64
		{3A91D34B-B326-4B9F-919B-2041CEB09F27}.Release|x64.Build.0 = Release|x64
		{3A91D34B-B326-4B9F-919B-2041CEB09F27}.Release|x86.ActiveCfg = Release|Win32
		{3A91D34B-B326-4B9F-919B-2041CEB09F27}.Release|x86.Build.0 = Release|Win32
		{3E6E5617-90BD-4C6A-833E-D85623285C25}.Debug|x64.ActiveCfg = Debug|x64
		{3E6E5617-90BD-4C6A-833E-D85623285C25}.Debug|x64.Build.0 = Debug|x64
		{3E6E5617-90BD-4C6A-833E-D85623285C25}.Debug|x86.ActiveCfg = Debug|Win32
		{3E6E5617-90BD-4C6A-833E-D85623285C25}.Debug|x86.Build.0 = Debug|Win32
		{3E6E5617-90BD-4C6A-833E-D85623285C25}.Release|x64.ActiveCfg = Release|x64
		{3E6E5617-90BD-4C6A-833E-D85623285C25}.Release|x64.Build.0 = Release|x64
		{3E6E5617-90BD-4C6A-833E-D85623285C25}.Release|x86.ActiveCfg = Release|Win32
		{3E6E5617-90BD-4C6A-833E-D85623285C25}.Release|x86.Build.0 = Release|Win32
		{DBAAC5C2-4727-4AD4-ABAD-063C26C78020}.Debug|x64.ActiveCfg = Debug|x64
		{DBAAC5C2-4727-4AD4-ABAD-063C26C78020}.Debug|x64.Build.0 = Debug|x64
		{DBAAC5C2-4727-4AD4-ABAD-063C26C78020}.Debug|x86.ActiveCfg = Debug|Win32
		{DBAAC5C2-4727-4AD4-ABAD-063C26C78020}.Debug|x86.Build.0 = Debug|Win32
		{DBAAC5C2-4727-4AD4-ABAD-063C26C78020}.Release|x64.ActiveCfg = Release|x64
		{DBAAC5C2-4727-4AD4-ABAD-063C26C78020}.Release|x64.Build.0 = Release|x64
		{DBAAC5C2-4727-4AD4-ABAD-063C26C78020}.Release|x86.ActiveCfg = Release|Win32
		{DBAAC5C2-4727-4AD4-ABAD-063C26C78020}.Release|x86.Build.0 = Release|Win32
		{19B555CE-DA5C-47BE-9459-A75DB52F532E}.Debug|x64.ActiveCfg = Debug|x64
		{19B555CE-DA5C-47BE-9459-A75DB52F532E}.Debug|x64.Build.0 = Debug|x64
		{19B555CE-DA5C-47BE-9459-A75DB52F532E}.Debug|x86.ActiveCfg = Debug|Win32
		{19B555CE-DA5C-47BE-9459-A75DB52F532E}.Debug|x86.Build.0 = Debug|Win32
		{19B555CE-DA5C-47BE-9459-A75DB52F532E}.Release|x64.ActiveCfg = Release|x64
		{19B555CE-DA5C-47BE-9459-A75DB52F532E}.Release|x64.Build.0 = Release|x64
		{19B555CE-DA5C-47BE-9459-A75DB52F532E}.Release|x86.ActiveCfg = Release|Win32
		{19B555CE-DA5C-47BE-9459-A75DB52F532E}.Release|x86.Build.0 = Release|Win32
		{A3CB2D2F-D31E-461E-892F-2DE89963750F}.Debug|x64.ActiveCfg = Debug|x64
		{A3CB2D2F-D31E-461E-892F-2DE89963750F}.Debug|x64.Build.0 = Debug|x64
		{A3CB2D2F-D31E-461E-892F-2DE89963750F}.Debug|x86.ActiveCfg = Debug|Win32
		{A3CB2D2F-D31E-461E-892F-2DE89963750F}.Debug|x86.Build.0 = Debug|Win32
		{A3CB2D2F-D31E-461E-892F-2DE89963750F}.Release|x64.ActiveCfg = Release|x64
		{A3CB2D2F-D31E-461E-892F-2DE89963750F}.Release|x64.Build.0 = Release|x64
		{A3CB2D2F-D31E-461E-892F-2DE89963750F}.Release|x86.ActiveCfg = Release|Win32
		{A3CB2D2F-D31E-461E-892F-2DE89963750F}.Release|x86.Build.0 = Release|Win32
		{53CBB865-8B7E-4A26-BADC-458EBFAACA63}.Debug|x64.ActiveCfg = Debug|x64
		{53CBB865-8B7E-4A26-BADC-458EBFAACA63}.Debug|x64.Build.0 = Debug|x64
		{53CBB865-8B7E-4A26-BADC-458EBFAACA63}.Debug|x86.ActiveCfg = Debug|Win32
		{53CBB865-8B7E-4A26-BADC-458EBFAACA63}.Debug|x86.Build.0 = Debug|Win32
		{53CBB865-8B7E-4A26-BADC-458EBFAACA63}.Release|x64.ActiveCfg = Release|x64
		{53CBB865-8B7E-4A26-BADC-458EBFAACA63}.Release|x64.Build.0 = Release|x64
		{53CBB865-8B7E-4A26-BADC-458EBFAACA63}.Release|x86.ActiveCfg = Release|Win32
		{53CBB865-8B7E-4A26-BADC-458EBFAACA63}.Release|x86.Build.0 = Release|Win32
		{6C02991A-84FE-4E29-AD1A-E5AD3A83B8DB}.Debug|x64.ActiveCfg = Debug|x64
		{6C02991A-84FE-4E29-AD1A-E5AD3A83B8DB}.Debug|x64.Build.0 = Debug|x64
		{6C02991A-84FE-4E29-AD1A-E5AD3A83B8DB}.Debug|x86.ActiveCfg = Debug|Win32
		{6C02991A-84FE-4E29-AD1A-E5AD3A83B8DB}.Debug|x86.Build.0 = Debug|Win32
		{6C02991A-84FE-4E29-AD1A-E5AD3A83B8DB}.Release|x64.ActiveCfg = Release|x64
		{6C02991A-84FE-4E29-AD1A-E5AD3A83B8DB}.Release|x64.Build.0 = Release|x64
		{6C02991A-84FE-4E29-AD1A-E5AD3A83B8DB}.Release|x86.ActiveCfg = Release|Win32
		{6C02991A-84FE-4E29-AD1A-E5AD3A83B8DB}.Release|x86.Build.0 = Release|Win32
		{3D9DB426-BA46-450B-BBAC-DABB6B6D69DE}.Debug|x64.ActiveCfg = Debug|x64
		{3D9DB426-BA46-450B-BBAC-DABB6B6D69DE}.Debug|x64.Build.0 = Debug|x64
		{3D9DB426-BA46-450B-BBAC-DABB6B6D69DE}.Debug|x86.ActiveCfg = Debug|x64
		{3D9DB426-BA46-450B-BBAC-DABB6B6D69DE}.Release|x64.ActiveCfg = Release|x64
		{3D9DB426-BA46-450B-BBAC-DABB6B6D69DE}.Release|x64.Build.0 = Release|x64
		{3D9DB426-BA46-450B-BBAC-DABB6B6D69DE}.Release|x86.ActiveCfg = Release|x64
		{3E283F37-A4ED-41B7-A3E6-A2D89D131A30}.Debug|x64.ActiveCfg = Debug|x64
		{3E283F37-A4ED-41B7-A3E6-A2D89D131A30}.Debug|x64.Build.0 = Debug|x64
		{3E283F37-A4ED-41B7-A3E6-A2D89D131A30}.Debug|x86.ActiveCfg = Debug|Win32
		{3E283F37-A4ED-41B7-A3E6-A2D89D131A30}.Debug|x86.Build.0 = Debug|Win32
		{3E283F37-A4ED-41B7-A3E6-A2D89D131A30}.Release|x64.ActiveCfg = Release|x64
		{3E283F37-A4ED-41B7-A3E6-A2D89D131A30}.Release|x64.Build.0 = Release|x64
		{3E283F37-A4ED-41B7-A3E6-A2D89D131A30}.Release|x86.ActiveCfg = Release|Win32
		{3E283F37-A4ED-41B7-A3E6-A2D89D131A30}.Release|x86.Build.0 = Release|Win32
		{4A9DB16D-28C8-4500-B5FD-1BC417DF2ECF}.Debug|x64.ActiveCfg = Debug|x64
		{4A9DB16D-28C8-4500-B5FD-1BC417DF2ECF}.Debug|x64.Build.0 = Debug|x64
		{4A9DB16D-28C8-4500-B5FD-1BC417DF2ECF}.Debug|x86.ActiveCfg = Debug|Win32
		{4A9DB16D-28C8-4500-B5FD-1BC417DF2ECF}.Debug|x86.Build.0 = Debug|Win32
		{4A9DB16D-28C8-4500-B5FD-1BC417DF2ECF}.Release|x64.ActiveCfg = Release|x64
		{4A9DB16D-28C8-4500-B5FD-1BC417DF2ECF}.Release|x64.Build.0 = Release|x64
		{4A9DB16D-28C8-4500-B5FD-1BC417DF2ECF}.Release|x86.ActiveCfg = Release|Win32
		{4A9DB16D-28C8-4500-B5FD-1BC417DF2ECF}.Release|x86.Build.0 = Release|Win32
		{9A1376BF-39CA-4F2C-99EE-953AA4362033}.Debug|x64.ActiveCfg = Debug|x64
		{9A1376BF-39CA-4F2C-99EE-953AA4362033}.Debug|x64.Build.0 = Debug|x64
		{9A1376BF-39CA-4F2C-99EE-953AA4362033}.Debug|x86.ActiveCfg = Debug|Win32
		{9A1376BF-39CA-4F2C-99EE-953AA4362033}.Debug|x86.Build.0 = Debug|Win32
		{9A1376BF-39CA-4F2C-99EE-953AA4362033}.Release|x64.ActiveCfg = Release|x64
		{9A1376BF-39CA-4F2C-99EE-953AA4362033}.Release|x64.Build.0 = Release|x64
		{9A1376BF-39CA-4F2C-99EE-953AA4362033}.Release|x86.ActiveCfg = Release|Win32
		{9A1376BF-39CA-4F2C-99EE-953AA4362033}.Release|x86.Build.0 = Release|Win32
		{5A14F13D-15BE-4DE4-8E79-CB6FE5DD565D}.Debug|x64.ActiveCfg = Debug|x64
		{5A14F13D-15BE-4DE4-8E79-CB6FE5DD565D}.Debug|x64.Build.0 = Debug|x64
		{5A14F13D-15BE-4DE4-8E79-CB6FE5DD565D}.Debug|x86.ActiveCfg = Debug|Win32
		{5A14F13D-15BE-4DE4-8E79-CB6FE5DD565D}.Debug|x86.Build.0 = Debug|Win32
		{5A14F13D-15BE-4DE4-8E79-CB6FE5DD565D}.Release|x64.ActiveCfg = Release|x64
		{5A14F13D-15BE-4DE4-8E79-CB6FE5DD565D}.Release|x64.Build.0 = Release|x64
		{5A14F13D-15BE-4DE4-8E79-CB6FE5DD565D}.Release|x86.ActiveCfg = Release|Win32
		{5A14F13D-15BE-4DE4-8E79-CB6FE5DD565D}.Release|x86.Build.0 = Release|Win32
		{3662EC17-50FB-4897-8132-858A3497A199}.Debug|x64.ActiveCfg = Debug|x64
		{3662EC17-50FB-4897-8132-858A3497A199}.Debug|x64.Build.0 = Debug|x64
		{3662EC17-50FB-4897-8132-858A3497A199}.Debug|x86.ActiveCfg = Debug|Win32
		{3662EC17-50FB-4897-8132-858A3497A199}.Debug|x86.Build.0 = Debug|Win32
		{3662EC17-50FB-4897-8132-858A3497A199}.Release|x64.ActiveCfg = Release|x64
		{3662EC17-50FB-4897-8132-858A3497A199}.Release|x64.Build.0 = Release|x64
		{3662EC17-50FB-4897-8132-858A3497A199}.Release|x86.ActiveCfg = Release|Win32
		{3662EC17-50FB-4897-8132-858A3497A199}.Release|x86.Build.0 = Release|Win32
	EndGlobalSection
	GlobalSection(SolutionProperties) = preSolution
		HideSolutionNode = FALSE
	EndGlobalSection
	GlobalSection(NestedProjects) = preSolution
		{3E6E5617-90BD-4C6A-833E-D85623285C25} = {204F9AFE-2ABB-4A61-AEE4-645B36A7E17F}
		{DBAAC5C2-4727-4AD4-ABAD-063C26C78020} = {204F9AFE-2ABB-4A61-AEE4-645B36A7E17F}
		{6D3DA2D5-DACE-4B85-991E-FEF49E62C192} = {204F9AFE-2ABB-4A61-AEE4-645B36A7E17F}
		{19B555CE-DA5C-47BE-9459-A75DB52F532E} = {6D3DA2D5-DACE-4B85-991E-FEF49E62C192}
		{A3CB2D2F-D31E-461E-892F-2DE89963750F} = {6D3DA2D5-DACE-4B85-991E-FEF49E62C192}
		{53CBB865-8B7E-4A26-BADC-458EBFAACA63} = {6D3DA2D5-DACE-4B85-991E-FEF49E62C192}
		{3D9DB426-BA46-450B-BBAC-DABB6B6D69DE} = {204F9AFE-2ABB-4A61-AEE4-645B36A7E17F}
		{3E283F37-A4ED-41B7-A3E6-A2D89D131A30} = {204F9AFE-2ABB-4A61-AEE4-645B36A7E17F}
	EndGlobalSection
	GlobalSection(ExtensibilityGlobals) = postSolution
		SolutionGuid = {FBAD3D74-0BD9-4A0B-8228-22C1E84D7F9D}
	EndGlobalSection
EndGlobal
